<?xml version="1.0" encoding="utf-8"?>
<Project ToolsVersion="4.0" xmlns="http://schemas.microsoft.com/developer/msbuild/2003">
  <ItemGroup>
    <Filter Include="Source Files">
      <UniqueIdentifier>{4FC737F1-C7A5-4376-A066-2A32D752A2FF}</UniqueIdentifier>
      <Extensions>cpp;c;cc;cxx;c++;cppm;ixx;def;odl;idl;hpj;bat;asm;asmx</Extensions>
    </Filter>
    <Filter Include="Header Files">
      <UniqueIdentifier>{93995380-89BD-4b04-88EB-625FBE52EBFB}</UniqueIdentifier>
      <Extensions>h;hh;hpp;hxx;h++;hm;inl;inc;ipp;xsd</Extensions>
    </Filter>
    <Filter Include="Resource Files">
      <UniqueIdentifier>{67DA6AB6-F800-4c08-8B7A-83BB121AAD01}</UniqueIdentifier>
      <Extensions>rc;ico;cur;bmp;dlg;rc2;rct;bin;rgs;gif;jpg;jpeg;jpe;resx;tiff;tif;png;wav;mfcribbon-ms</Extensions>
    </Filter>
  </ItemGroup>
  <ItemGroup>
    <ClCompile Include="pointers01.cpp">
      <Filter>Source Files</Filter>
    </ClCompile>
    <ClCompile Include="pointers02.cpp">
      <Filter>Source Files</Filter>
    </ClCompile>
    <ClCompile Include="pointers03.cpp">
      <Filter>Source Files</Filter>
    </ClCompile>
    <ClCompile Include="pointers04.cpp">
      <Filter>Source Files</Filter>
    </ClCompile>
    <ClCompile Include="pointers05.cpp">
      <Filter>Source Files</Filter>
    </ClCompile>
    <ClCompile Include="array07.cpp">
      <Filter>Source Files</Filter>
    </ClCompile>
    <ClCompile Include="array08.cpp">
      <Filter>Source Files</Filter>
    </ClCompile>
    <ClCompile Include="array09.cpp">
      <Filter>Source Files</Filter>
    </ClCompile>
    <ClCompile Include="array02.cpp">
      <Filter>Source Files</Filter>
    </ClCompile>
    <ClCompile Include="ej12.cpp">
      <Filter>Source Files</Filter>
    </ClCompile>
    <ClCompile Include="array06.cpp">
      <Filter>Source Files</Filter>
    </ClCompile>
    <ClCompile Include="array05.cpp">
      <Filter>Source Files</Filter>
    </ClCompile>
    <ClCompile Include="array04.cpp">
      <Filter>Source Files</Filter>
    </ClCompile>
    <ClCompile Include="array03.cpp">
      <Filter>Source Files</Filter>
    </ClCompile>
    <ClCompile Include="array01.cpp">
      <Filter>Source Files</Filter>
    </ClCompile>
    <ClCompile Include="ej17.cpp">
      <Filter>Source Files</Filter>
    </ClCompile>
    <ClCompile Include="ej16.cpp">
      <Filter>Source Files</Filter>
    </ClCompile>
    <ClCompile Include="ej15.cpp">
      <Filter>Source Files</Filter>
    </ClCompile>
    <ClCompile Include="ej14.cpp">
      <Filter>Source Files</Filter>
    </ClCompile>
    <ClCompile Include="ej13.cpp">
      <Filter>Source Files</Filter>
    </ClCompile>
    <ClCompile Include="ej11.cpp">
      <Filter>Source Files</Filter>
    </ClCompile>
    <ClCompile Include="ej10.cpp">
      <Filter>Source Files</Filter>
    </ClCompile>
    <ClCompile Include="ej09.cpp">
      <Filter>Source Files</Filter>
    </ClCompile>
    <ClCompile Include="ej08.cpp">
      <Filter>Source Files</Filter>
    </ClCompile>
    <ClCompile Include="ej07.cpp">
      <Filter>Source Files</Filter>
    </ClCompile>
    <ClCompile Include="ej06.cpp">
      <Filter>Source Files</Filter>
    </ClCompile>
    <ClCompile Include="ej05.cpp">
      <Filter>Source Files</Filter>
    </ClCompile>
    <ClCompile Include="ej04.cpp">
      <Filter>Source Files</Filter>
    </ClCompile>
    <ClCompile Include="ej03.cpp">
      <Filter>Source Files</Filter>
    </ClCompile>
    <ClCompile Include="ej00.cpp">
      <Filter>Source Files</Filter>
    </ClCompile>
    <ClCompile Include="ej02.cpp">
      <Filter>Source Files</Filter>
    </ClCompile>
    <ClCompile Include="ej01.cpp">
      <Filter>Source Files</Filter>
    </ClCompile>
  </ItemGroup>
  <ItemGroup>
    <ClInclude Include="..\..\ProgramacionSuperior\ProgramacionSuperior\Cuenta.h">
      <Filter>Header Files</Filter>
    </ClInclude>
    <ClInclude Include="maximo.h">
      <Filter>Header Files</Filter>
    </ClInclude>
    <ClInclude Include="Cuenta.h">
      <Filter>Source Files</Filter>
    </ClInclude>
  </ItemGroup>
</Project>